
Microsoft Visual Studio Solution File, Format Version 12.00
# Visual Studio 15
VisualStudioVersion = 15.0.26430.14
MinimumVisualStudioVersion = 10.0.40219.1
Project("{FAE04EC0-301F-11D3-BF4B-00C04F79EFBC}") = "ConsoleApplication", "ConsoleApplication\ConsoleApplication.csproj", "{3FFDEB46-10D5-44DD-9EAB-38902DE0CABA}"
EndProject
Global
	GlobalSection(SolutionConfigurationPlatforms) = preSolution
		Debug|Any CPU = Debug|Any CPU
		Release|Any CPU = Release|Any CPU
	EndGlobalSection
	GlobalSection(ProjectConfigurationPlatforms) = postSolution
		{3FFDEB46-10D5-44DD-9EAB-38902DE0CABA}.Debug|Any CPU.ActiveCfg = Debug|Any CPU
		{3FFDEB46-10D5-44DD-9EAB-38902DE0CABA}.Debug|Any CPU.Build.0 = Debug|Any CPU
		{3FFDEB46-10D5-44DD-9EAB-38902DE0CABA}.Release|Any CPU.ActiveCfg = Release|Any CPU
		{3FFDEB46-10D5-44DD-9EAB-38902DE0CABA}.Release|Any CPU.Build.0 = Release|Any CPU
		{9CDF8B1F-71F2-4009-A231-FD5EF87527D5}.Debug|Any CPU.ActiveCfg = Debug|Any CPU
		{9CDF8B1F-71F2-4009-A231-FD5EF87527D5}.Debug|Any CPU.Build.0 = Debug|Any CPU
		{9CDF8B1F-71F2-4009-A231-FD5EF87527D5}.Release|Any CPU.ActiveCfg = Release|Any CPU
		{9CDF8B1F-71F2-4009-A231-FD5EF87527D5}.Release|Any CPU.Build.0 = Release|Any CPU
		{0B1A8DC2-B494-4D7F-B7C2-33F369D8184B}.Debug|Any CPU.ActiveCfg = Debug|Any CPU
		{0B1A8DC2-B494-4D7F-B7C2-33F369D8184B}.Debug|Any CPU.Build.0 = Debug|Any CPU
		{0B1A8DC2-B494-4D7F-B7C2-33F369D8184B}.Release|Any CPU.ActiveCfg = Release|Any CPU
		{0B1A8DC2-B494-4D7F-B7C2-33F369D8184B}.Release|Any CPU.Build.0 = Release|Any CPU
		{EB3FE8AA-4A3E-4B09-9CA3-38526F287BB1}.Debug|Any CPU.ActiveCfg = Debug|Any CPU
		{EB3FE8AA-4A3E-4B09-9CA3-38526F287BB1}.Debug|Any CPU.Build.0 = Debug|Any CPU
		{EB3FE8AA-4A3E-4B09-9CA3-38526F287BB1}.Release|Any CPU.ActiveCfg = Release|Any CPU
		{EB3FE8AA-4A3E-4B09-9CA3-38526F287BB1}.Release|Any CPU.Build.0 = Release|Any CPU
		{4FC0D510-CD49-4711-BB9B-B83CF71DE2A0}.Debug|Any CPU.ActiveCfg = Debug|Any CPU
		{4FC0D510-CD49-4711-BB9B-B83CF71DE2A0}.Debug|Any CPU.Build.0 = Debug|Any CPU
		{4FC0D510-CD49-4711-BB9B-B83CF71DE2A0}.Release|Any CPU.ActiveCfg = Release|Any CPU
		{4FC0D510-CD49-4711-BB9B-B83CF71DE2A0}.Release|Any CPU.Build.0 = Release|Any CPU
		{D6B2D147-ED16-4F23-8694-DF0980C3A681}.Debug|Any CPU.ActiveCfg = Debug|Any CPU
		{D6B2D147-ED16-4F23-8694-DF0980C3A681}.Debug|Any CPU.Build.0 = Debug|Any CPU
		{D6B2D147-ED16-4F23-8694-DF0980C3A681}.Release|Any CPU.ActiveCfg = Release|Any CPU
		{D6B2D147-ED16-4F23-8694-DF0980C3A681}.Release|Any CPU.Build.0 = Release|Any CPU
		{C4D0F09E-95E4-4284-96A8-CDDBF826165A}.Debug|Any CPU.ActiveCfg = Debug|Any CPU
		{C4D0F09E-95E4-4284-96A8-CDDBF826165A}.Debug|Any CPU.Build.0 = Debug|Any CPU
		{C4D0F09E-95E4-4284-96A8-CDDBF826165A}.Release|Any CPU.ActiveCfg = Release|Any CPU
		{C4D0F09E-95E4-4284-96A8-CDDBF826165A}.Release|Any CPU.Build.0 = Release|Any CPU
		{20646FBB-0E7F-4192-A9F2-FAADAD76ED1C}.Debug|Any CPU.ActiveCfg = Debug|Any CPU
		{20646FBB-0E7F-4192-A9F2-FAADAD76ED1C}.Debug|Any CPU.Build.0 = Debug|Any CPU
		{20646FBB-0E7F-4192-A9F2-FAADAD76ED1C}.Release|Any CPU.ActiveCfg = Release|Any CPU
		{20646FBB-0E7F-4192-A9F2-FAADAD76ED1C}.Release|Any CPU.Build.0 = Release|Any CPU
	EndGlobalSection
	GlobalSection(SolutionProperties) = preSolution
		HideSolutionNode = FALSE
	EndGlobalSection
	GlobalSection(ExtensibilityGlobals) = postSolution
		SolutionGuid = {47E43476-9CB2-4949-8309-14BFE91CE129}
	EndGlobalSection
EndGlobal
